
Microsoft Visual Studio Solution File, Format Version 12.00
# Visual Studio 15
VisualStudioVersion = 15.0.27703.2047
MinimumVisualStudioVersion = 10.0.40219.1
Project("{FAE04EC0-301F-11D3-BF4B-00C04F79EFBC}") = "breakOutGame", "breakOutGame\breakOutGame.csproj", "{3ED25C8B-B335-4D75-BF5D-654EE69EDC2C}"
EndProject
Global
	GlobalSection(SolutionConfigurationPlatforms) = preSolution
		Debug|Any CPU = Debug|Any CPU
		Release|Any CPU = Release|Any CPU
	EndGlobalSection
	GlobalSection(ProjectConfigurationPlatforms) = postSolution
		{3ED25C8B-B335-4D75-BF5D-654EE69EDC2C}.Debug|Any CPU.ActiveCfg = Debug|Any CPU
		{3ED25C8B-B335-4D75-BF5D-654EE69EDC2C}.Debug|Any CPU.Build.0 = Debug|Any CPU
		{3ED25C8B-B335-4D75-BF5D-654EE69EDC2C}.Release|Any CPU.ActiveCfg = Release|Any CPU
		{3ED25C8B-B335-4D75-BF5D-654EE69EDC2C}.Release|Any CPU.Build.0 = Release|Any CPU
	EndGlobalSection
	GlobalSection(SolutionProperties) = preSolution
		HideSolutionNode = FALSE
	EndGlobalSection
	GlobalSection(ExtensibilityGlobals) = postSolution
		SolutionGuid = {2FAC9799-CFB1-41EC-938F-8E4CCB77B7C8}
	EndGlobalSection
EndGlobal
